// !$*UTF8*$!
{
	archiveVersion = 1;
	classes = {
	};
	objectVersion = 55;
	objects = {

/* Begin PBXBuildFile section */
		29822EEF2897FB500075293A /* AppDelegate.swift in Sources */ = {isa = PBXBuildFile; fileRef = 29822EEE2897FB500075293A /* AppDelegate.swift */; };
		29822EF12897FB500075293A /* SceneDelegate.swift in Sources */ = {isa = PBXBuildFile; fileRef = 29822EF02897FB500075293A /* SceneDelegate.swift */; };
		29822EF32897FB500075293A /* ViewController.swift in Sources */ = {isa = PBXBuildFile; fileRef = 29822EF22897FB500075293A /* ViewController.swift */; };
		29822EF62897FB500075293A /* Main.storyboard in Resources */ = {isa = PBXBuildFile; fileRef = 29822EF42897FB500075293A /* Main.storyboard */; };
		29822EF82897FB590075293A /* Assets.xcassets in Resources */ = {isa = PBXBuildFile; fileRef = 29822EF72897FB590075293A /* Assets.xcassets */; };
		29822EFB2897FB590075293A /* LaunchScreen.storyboard in Resources */ = {isa = PBXBuildFile; fileRef = 29822EF92897FB590075293A /* LaunchScreen.storyboard */; };
		29822F042897FCB70075293A /* TableViewCell.swift in Sources */ = {isa = PBXBuildFile; fileRef = 29822F022897FCB70075293A /* TableViewCell.swift */; };
		29822F052897FCB70075293A /* TableViewCell.xib in Resources */ = {isa = PBXBuildFile; fileRef = 29822F032897FCB70075293A /* TableViewCell.xib */; };
		29822F072898025C0075293A /* MovieModel.swift in Sources */ = {isa = PBXBuildFile; fileRef = 29822F062898025C0075293A /* MovieModel.swift */; };
		29822F092898EDAB0075293A /* DetailViewController.swift in Sources */ = {isa = PBXBuildFile; fileRef = 29822F082898EDAB0075293A /* DetailViewController.swift */; };
		29822F0D289942890075293A /* CDP_MovieApp.xcdatamodeld in Sources */ = {isa = PBXBuildFile; fileRef = 29822F0B289942880075293A /* CDP_MovieApp.xcdatamodeld */; };
/* End PBXBuildFile section */

/* Begin PBXFileReference section */
		29822EEB2897FB500075293A /* CDP_MovieApp.app */ = {isa = PBXFileReference; explicitFileType = wrapper.application; includeInIndex = 0; path = CDP_MovieApp.app; sourceTree = BUILT_PRODUCTS_DIR; };
		29822EEE2897FB500075293A /* AppDelegate.swift */ = {isa = PBXFileReference; lastKnownFileType = sourcecode.swift; path = AppDelegate.swift; sourceTree = "<group>"; };
		29822EF02897FB500075293A /* SceneDelegate.swift */ = {isa = PBXFileReference; lastKnownFileType = sourcecode.swift; path = SceneDelegate.swift; sourceTree = "<group>"; };
		29822EF22897FB500075293A /* ViewController.swift */ = {isa = PBXFileReference; lastKnownFileType = sourcecode.swift; path = ViewController.swift; sourceTree = "<group>"; };
		29822EF52897FB500075293A /* Base */ = {isa = PBXFileReference; lastKnownFileType = file.storyboard; name = Base; path = Base.lproj/Main.storyboard; sourceTree = "<group>"; };
		29822EF72897FB590075293A /* Assets.xcassets */ = {isa = PBXFileReference; lastKnownFileType = folder.assetcatalog; path = Assets.xcassets; sourceTree = "<group>"; };
		29822EFA2897FB590075293A /* Base */ = {isa = PBXFileReference; lastKnownFileType = file.storyboard; name = Base; path = Base.lproj/LaunchScreen.storyboard; sourceTree = "<group>"; };
		29822EFC2897FB590075293A /* Info.plist */ = {isa = PBXFileReference; lastKnownFileType = text.plist.xml; path = Info.plist; sourceTree = "<group>"; };
		29822F022897FCB70075293A /* TableViewCell.swift */ = {isa = PBXFileReference; lastKnownFileType = sourcecode.swift; path = TableViewCell.swift; sourceTree = "<group>"; };
		29822F032897FCB70075293A /* TableViewCell.xib */ = {isa = PBXFileReference; lastKnownFileType = file.xib; path = TableViewCell.xib; sourceTree = "<group>"; };
		29822F062898025C0075293A /* MovieModel.swift */ = {isa = PBXFileReference; lastKnownFileType = sourcecode.swift; path = MovieModel.swift; sourceTree = "<group>"; };
		29822F082898EDAB0075293A /* DetailViewController.swift */ = {isa = PBXFileReference; lastKnownFileType = sourcecode.swift; path = DetailViewController.swift; sourceTree = "<group>"; };
		29822F0C289942890075293A /* CDP_MovieApp.xcdatamodel */ = {isa = PBXFileReference; lastKnownFileType = wrapper.xcdatamodel; path = CDP_MovieApp.xcdatamodel; sourceTree = "<group>"; };
/* End PBXFileReference section */

/* Begin PBXFrameworksBuildPhase section */
		29822EE82897FB500075293A /* Frameworks */ = {
			isa = PBXFrameworksBuildPhase;
			buildActionMask = 2147483647;
			files = (
			);
			runOnlyForDeploymentPostprocessing = 0;
		};
/* End PBXFrameworksBuildPhase section */

/* Begin PBXGroup section */
		29822EE22897FB500075293A = {
			isa = PBXGroup;
			children = (
				29822EED2897FB500075293A /* CDP_MovieApp */,
				29822EEC2897FB500075293A /* Products */,
			);
			sourceTree = "<group>";
		};
		29822EEC2897FB500075293A /* Products */ = {
			isa = PBXGroup;
			children = (
				29822EEB2897FB500075293A /* CDP_MovieApp.app */,
			);
			name = Products;
			sourceTree = "<group>";
		};
		29822EED2897FB500075293A /* CDP_MovieApp */ = {
			isa = PBXGroup;
			children = (
				29822F0A2899423C0075293A /* New Group */,
				29822EEE2897FB500075293A /* AppDelegate.swift */,
				29822EF02897FB500075293A /* SceneDelegate.swift */,
				29822EF22897FB500075293A /* ViewController.swift */,
				29822EF42897FB500075293A /* Main.storyboard */,
				29822EF72897FB590075293A /* Assets.xcassets */,
				29822EF92897FB590075293A /* LaunchScreen.storyboard */,
				29822EFC2897FB590075293A /* Info.plist */,
				29822F022897FCB70075293A /* TableViewCell.swift */,
				29822F032897FCB70075293A /* TableViewCell.xib */,
				29822F062898025C0075293A /* MovieModel.swift */,
				29822F082898EDAB0075293A /* DetailViewController.swift */,
				29822F0B289942880075293A /* CDP_MovieApp.xcdatamodeld */,
			);
			path = CDP_MovieApp;
			sourceTree = "<group>";
		};
		29822F0A2899423C0075293A /* New Group */ = {
			isa = PBXGroup;
			children = (
			);
			name = "New Group";
			sourceTree = "<group>";
		};
/* End PBXGroup section */

/* Begin PBXNativeTarget section */
		29822EEA2897FB500075293A /* CDP_MovieApp */ = {
			isa = PBXNativeTarget;
			buildConfigurationList = 29822EFF2897FB590075293A /* Build configuration list for PBXNativeTarget "CDP_MovieApp" */;
			buildPhases = (
				29822EE72897FB500075293A /* Sources */,
				29822EE82897FB500075293A /* Frameworks */,
				29822EE92897FB500075293A /* Resources */,
			);
			buildRules = (
			);
			dependencies = (
			);
			name = CDP_MovieApp;
			productName = CDP_MovieApp;
			productReference = 29822EEB2897FB500075293A /* CDP_MovieApp.app */;
			productType = "com.apple.product-type.application";
		};
/* End PBXNativeTarget section */

/* Begin PBXProject section */
		29822EE32897FB500075293A /* Project object */ = {
			isa = PBXProject;
			attributes = {
				BuildIndependentTargetsInParallel = 1;
				LastSwiftUpdateCheck = 1320;
				LastUpgradeCheck = 1320;
				TargetAttributes = {
					29822EEA2897FB500075293A = {
						CreatedOnToolsVersion = 13.2.1;
					};
				};
			};
			buildConfigurationList = 29822EE62897FB500075293A /* Build configuration list for PBXProject "CDP_MovieApp" */;
			compatibilityVersion = "Xcode 13.0";
			developmentRegion = en;
			hasScannedForEncodings = 0;
			knownRegions = (
				en,
				Base,
			);
			mainGroup = 29822EE22897FB500075293A;
			productRefGroup = 29822EEC2897FB500075293A /* Products */;
			projectDirPath = "";
			projectRoot = "";
			targets = (
				29822EEA2897FB500075293A /* CDP_MovieApp */,
			);
		};
/* End PBXProject section */

/* Begin PBXResourcesBuildPhase section */
		29822EE92897FB500075293A /* Resources */ = {
			isa = PBXResourcesBuildPhase;
			buildActionMask = 2147483647;
			files = (
				29822EFB2897FB590075293A /* LaunchScreen.storyboard in Resources */,
				29822F052897FCB70075293A /* TableViewCell.xib in Resources */,
				29822EF82897FB590075293A /* Assets.xcassets in Resources */,
				29822EF62897FB500075293A /* Main.storyboard in Resources */,
			);
			runOnlyForDeploymentPostprocessing = 0;
		};
/* End PBXResourcesBuildPhase section */

/* Begin PBXSourcesBuildPhase section */
		29822EE72897FB500075293A /* Sources */ = {
			isa = PBXSourcesBuildPhase;
			buildActionMask = 2147483647;
			files = (
				29822F0D289942890075293A /* CDP_MovieApp.xcdatamodeld in Sources */,
				29822EF32897FB500075293A /* ViewController.swift in Sources */,
				29822F042897FCB70075293A /* TableViewCell.swift in Sources */,
				29822F072898025C0075293A /* MovieModel.swift in Sources */,
				29822F092898EDAB0075293A /* DetailViewController.swift in Sources */,
				29822EEF2897FB500075293A /* AppDelegate.swift in Sources */,
				29822EF12897FB500075293A /* SceneDelegate.swift in Sources */,
			);
			runOnlyForDeploymentPostprocessing = 0;
		};
/* End PBXSourcesBuildPhase section */

/* Begin PBXVariantGroup section */
		29822EF42897FB500075293A /* Main.storyboard */ = {
			isa = PBXVariantGroup;
			children = (
				29822EF52897FB500075293A /* Base */,
			);
			name = Main.storyboard;
			sourceTree = "<group>";
		};
		29822EF92897FB590075293A /* LaunchScreen.storyboard */ = {
			isa = PBXVariantGroup;
			children = (
				29822EFA2897FB590075293A /* Base */,
			);
			name = LaunchScreen.storyboard;
			sourceTree = "<group>";
		};
/* End PBXVariantGroup section */

/* Begin XCBuildConfiguration section */
		29822EFD2897FB590075293A /* Debug */ = {
			isa = XCBuildConfiguration;
			buildSettings = {
				ALWAYS_SEARCH_USER_PATHS = NO;
				CLANG_ANALYZER_NONNULL = YES;
				CLANG_ANALYZER_NUMBER_OBJECT_CONVERSION = YES_AGGRESSIVE;
				CLANG_CXX_LANGUAGE_STANDARD = "gnu++17";
				CLANG_CXX_LIBRARY = "libc++";
				CLANG_ENABLE_MODULES = YES;
				CLANG_ENABLE_OBJC_ARC = YES;
				CLANG_ENABLE_OBJC_WEAK = YES;
				CLANG_WARN_BLOCK_CAPTURE_AUTORELEASING = YES;
				CLANG_WARN_BOOL_CONVERSION = YES;
				CLANG_WARN_COMMA = YES;
				CLANG_WARN_CONSTANT_CONVERSION = YES;
				CLANG_WARN_DEPRECATED_OBJC_IMPLEMENTATIONS = YES;
				CLANG_WARN_DIRECT_OBJC_ISA_USAGE = YES_ERROR;
				CLANG_WARN_DOCUMENTATION_COMMENTS = YES;
				CLANG_WARN_EMPTY_BODY = YES;
				CLANG_WARN_ENUM_CONVERSION = YES;
				CLANG_WARN_INFINITE_RECURSION = YES;
				CLANG_WARN_INT_CONVERSION = YES;
				CLANG_WARN_NON_LITERAL_NULL_CONVERSION = YES;
				CLANG_WARN_OBJC_IMPLICIT_RETAIN_SELF = YES;
				CLANG_WARN_OBJC_LITERAL_CONVERSION = YES;
				CLANG_WARN_OBJC_ROOT_CLASS = YES_ERROR;
				CLANG_WARN_QUOTED_INCLUDE_IN_FRAMEWORK_HEADER = YES;
				CLANG_WARN_RANGE_LOOP_ANALYSIS = YES;
				CLANG_WARN_STRICT_PROTOTYPES = YES;
				CLANG_WARN_SUSPICIOUS_MOVE = YES;
				CLANG_WARN_UNGUARDED_AVAILABILITY = YES_AGGRESSIVE;
				CLANG_WARN_UNREACHABLE_CODE = YES;
				CLANG_WARN__DUPLICATE_METHOD_MATCH = YES;
				COPY_PHASE_STRIP = NO;
				DEBUG_INFORMATION_FORMAT = dwarf;
				ENABLE_STRICT_OBJC_MSGSEND = YES;
				ENABLE_TESTABILITY = YES;
				GCC_C_LANGUAGE_STANDARD = gnu11;
				GCC_DYNAMIC_NO_PIC = NO;
				GCC_NO_COMMON_BLOCKS = YES;
				GCC_OPTIMIZATION_LEVEL = 0;
				GCC_PREPROCESSOR_DEFINITIONS = (
					"DEBUG=1",
					"$(inherited)",
				);
				GCC_WARN_64_TO_32_BIT_CONVERSION = YES;
				GCC_WARN_ABOUT_RETURN_TYPE = YES_ERROR;
				GCC_WARN_UNDECLARED_SELECTOR = YES;
				GCC_WARN_UNINITIALIZED_AUTOS = YES_AGGRESSIVE;
				GCC_WARN_UNUSED_FUNCTION = YES;
				GCC_WARN_UNUSED_VARIABLE = YES;
				IPHONEOS_DEPLOYMENT_TARGET = 15.2;
				MTL_ENABLE_DEBUG_INFO = INCLUDE_SOURCE;
				MTL_FAST_MATH = YES;
				ONLY_ACTIVE_ARCH = YES;
				SDKROOT = iphoneos;
				SWIFT_ACTIVE_COMPILATION_CONDITIONS = DEBUG;
				SWIFT_OPTIMIZATION_LEVEL = "-Onone";
			};
			name = Debug;
		};
		29822EFE2897FB590075293A /* Release */ = {
			isa = XCBuildConfiguration;
			buildSettings = {
				ALWAYS_SEARCH_USER_PATHS = NO;
				CLANG_ANALYZER_NONNULL = YES;
				CLANG_ANALYZER_NUMBER_OBJECT_CONVERSION = YES_AGGRESSIVE;
				CLANG_CXX_LANGUAGE_STANDARD = "gnu++17";
				CLANG_CXX_LIBRARY = "libc++";
				CLANG_ENABLE_MODULES = YES;
				CLANG_ENABLE_OBJC_ARC = YES;
				CLANG_ENABLE_OBJC_WEAK = YES;
				CLANG_WARN_BLOCK_CAPTURE_AUTORELEASING = YES;
				CLANG_WARN_BOOL_CONVERSION = YES;
				CLANG_WARN_COMMA = YES;
				CLANG_WARN_CONSTANT_CONVERSION = YES;
				CLANG_WARN_DEPRECATED_OBJC_IMPLEMENTATIONS = YES;
				CLANG_WARN_DIRECT_OBJC_ISA_USAGE = YES_ERROR;
				CLANG_WARN_DOCUMENTATION_COMMENTS = YES;
				CLANG_WARN_EMPTY_BODY = YES;
				CLANG_WARN_ENUM_CONVERSION = YES;
				CLANG_WARN_INFINITE_RECURSION = YES;
				CLANG_WARN_INT_CONVERSION = YES;
				CLANG_WARN_NON_LITERAL_NULL_CONVERSION = YES;
				CLANG_WARN_OBJC_IMPLICIT_RETAIN_SELF = YES;
				CLANG_WARN_OBJC_LITERAL_CONVERSION = YES;
				CLANG_WARN_OBJC_ROOT_CLASS = YES_ERROR;
				CLANG_WARN_QUOTED_INCLUDE_IN_FRAMEWORK_HEADER = YES;
				CLANG_WARN_RANGE_LOOP_ANALYSIS = YES;
				CLANG_WARN_STRICT_PROTOTYPES = YES;
				CLANG_WARN_SUSPICIOUS_MOVE = YES;
				CLANG_WARN_UNGUARDED_AVAILABILITY = YES_AGGRESSIVE;
				CLANG_WARN_UNREACHABLE_CODE = YES;
				CLANG_WARN__DUPLICATE_METHOD_MATCH = YES;
				COPY_PHASE_STRIP = NO;
				DEBUG_INFORMATION_FORMAT = "dwarf-with-dsym";
				ENABLE_NS_ASSERTIONS = NO;
				ENABLE_STRICT_OBJC_MSGSEND = YES;
				GCC_C_LANGUAGE_STANDARD = gnu11;
				GCC_NO_COMMON_BLOCKS = YES;
				GCC_WARN_64_TO_32_BIT_CONVERSION = YES;
				GCC_WARN_ABOUT_RETURN_TYPE = YES_ERROR;
				GCC_WARN_UNDECLARED_SELECTOR = YES;
				GCC_WARN_UNINITIALIZED_AUTOS = YES_AGGRESSIVE;
				GCC_WARN_UNUSED_FUNCTION = YES;
				GCC_WARN_UNUSED_VARIABLE = YES;
				IPHONEOS_DEPLOYMENT_TARGET = 15.2;
				MTL_ENABLE_DEBUG_INFO = NO;
				MTL_FAST_MATH = YES;
				SDKROOT = iphoneos;
				SWIFT_COMPILATION_MODE = wholemodule;
				SWIFT_OPTIMIZATION_LEVEL = "-O";
				VALIDATE_PRODUCT = YES;
			};
			name = Release;
		};
		29822F002897FB590075293A /* Debug */ = {
			isa = XCBuildConfiguration;
			buildSettings = {
				ASSETCATALOG_COMPILER_APPICON_NAME = AppIcon;
				ASSETCATALOG_COMPILER_GLOBAL_ACCENT_COLOR_NAME = AccentColor;
				CODE_SIGN_IDENTITY = "Apple Development";
				CODE_SIGN_STYLE = Automatic;
				CURRENT_PROJECT_VERSION = 1;
				DEVELOPMENT_TEAM = MW255N4HLC;
				GENERATE_INFOPLIST_FILE = YES;
				INFOPLIST_FILE = CDP_MovieApp/Info.plist;
				INFOPLIST_KEY_UIApplicationSupportsIndirectInputEvents = YES;
				INFOPLIST_KEY_UILaunchStoryboardName = LaunchScreen;
				INFOPLIST_KEY_UIMainStoryboardFile = Main;
				INFOPLIST_KEY_UISupportedInterfaceOrientations_iPad = "UIInterfaceOrientationPortrait UIInterfaceOrientationPortraitUpsideDown UIInterfaceOrientationLandscapeLeft UIInterfaceOrientationLandscapeRight";
				INFOPLIST_KEY_UISupportedInterfaceOrientations_iPhone = "UIInterfaceOrientationPortrait UIInterfaceOrientationLandscapeLeft UIInterfaceOrientationLandscapeRight";
				LD_RUNPATH_SEARCH_PATHS = (
					"$(inherited)",
					"@executable_path/Frameworks",
				);
				MARKETING_VERSION = 1.0;
				PRODUCT_BUNDLE_IDENTIFIER = "com.practice.CDP-MovieApp";
				PRODUCT_NAME = "$(TARGET_NAME)";
				PROVISIONING_PROFILE_SPECIFIER = "";
				SWIFT_EMIT_LOC_STRINGS = YES;
				SWIFT_VERSION = 5.0;
				TARGETED_DEVICE_FAMILY = "1,2";
			};
			name = Debug;
		};
		29822F012897FB590075293A /* Release */ = {
			isa = XCBuildConfiguration;
			buildSettings = {
				ASSETCATALOG_COMPILER_APPICON_NAME = AppIcon;
				ASSETCATALOG_COMPILER_GLOBAL_ACCENT_COLOR_NAME = AccentColor;
				CODE_SIGN_IDENTITY = "Apple Development";
				CODE_SIGN_STYLE = Automatic;
				CURRENT_PROJECT_VERSION = 1;
				DEVELOPMENT_TEAM = MW255N4HLC;
				GENERATE_INFOPLIST_FILE = YES;
				INFOPLIST_FILE = CDP_MovieApp/Info.plist;
				INFOPLIST_KEY_UIApplicationSupportsIndirectInputEvents = YES;
				INFOPLIST_KEY_UILaunchStoryboardName = LaunchScreen;
				INFOPLIST_KEY_UIMainStoryboardFile = Main;
				INFOPLIST_KEY_UISupportedInterfaceOrientations_iPad = "UIInterfaceOrientationPortrait UIInterfaceOrientationPortraitUpsideDown UIInterfaceOrientationLandscapeLeft UIInterfaceOrientationLandscapeRight";
				INFOPLIST_KEY_UISupportedInterfaceOrientations_iPhone = "UIInterfaceOrientationPortrait UIInterfaceOrientationLandscapeLeft UIInterfaceOrientationLandscapeRight";
				LD_RUNPATH_SEARCH_PATHS = (
					"$(inherited)",
					"@executable_path/Frameworks",
				);
				MARKETING_VERSION = 1.0;
				PRODUCT_BUNDLE_IDENTIFIER = "com.practice.CDP-MovieApp";
				PRODUCT_NAME = "$(TARGET_NAME)";
				PROVISIONING_PROFILE_SPECIFIER = "";
				SWIFT_EMIT_LOC_STRINGS = YES;
				SWIFT_VERSION = 5.0;
				TARGETED_DEVICE_FAMILY = "1,2";
			};
			name = Release;
		};
/* End XCBuildConfiguration section */

/* Begin XCConfigurationList section */
		29822EE62897FB500075293A /* Build configuration list for PBXProject "CDP_MovieApp" */ = {
			isa = XCConfigurationList;
			buildConfigurations = (
				29822EFD2897FB590075293A /* Debug */,
				29822EFE2897FB590075293A /* Release */,
			);
			defaultConfigurationIsVisible = 0;
			defaultConfigurationName = Release;
		};
		29822EFF2897FB590075293A /* Build configuration list for PBXNativeTarget "CDP_MovieApp" */ = {
			isa = XCConfigurationList;
			buildConfigurations = (
				29822F002897FB590075293A /* Debug */,
				29822F012897FB590075293A /* Release */,
			);
			defaultConfigurationIsVisible = 0;
			defaultConfigurationName = Release;
		};
/* End XCConfigurationList section */

/* Begin XCVersionGroup section */
		29822F0B289942880075293A /* CDP_MovieApp.xcdatamodeld */ = {
			isa = XCVersionGroup;
			children = (
				29822F0C289942890075293A /* CDP_MovieApp.xcdatamodel */,
			);
			currentVersion = 29822F0C289942890075293A /* CDP_MovieApp.xcdatamodel */;
			path = CDP_MovieApp.xcdatamodeld;
			sourceTree = "<group>";
			versionGroupType = wrapper.xcdatamodel;
		};
/* End XCVersionGroup section */
	};
	rootObject = 29822EE32897FB500075293A /* Project object */;
}
